
Microsoft Visual Studio Solution File, Format Version 12.00
# Visual Studio Version 17
VisualStudioVersion = 17.4.33213.308
MinimumVisualStudioVersion = 10.0.40219.1
Project("{8BC9CEB8-8B4A-11D0-8D11-00A0C91BC942}") = "Acclerometer_intergration", "Acclerometer_intergration\Acclerometer_intergration.vcxproj", "{AAA264CF-27AB-4D60-A450-1B4B440365A5}"
EndProject
Global
	GlobalSection(SolutionConfigurationPlatforms) = preSolution
		Debug|x64 = Debug|x64
		Debug|x86 = Debug|x86
		Release|x64 = Release|x64
		Release|x86 = Release|x86
	EndGlobalSection
	GlobalSection(ProjectConfigurationPlatforms) = postSolution
		{AAA264CF-27AB-4D60-A450-1B4B440365A5}.Debug|x64.ActiveCfg = Debug|x64
		{AAA264CF-27AB-4D60-A450-1B4B440365A5}.Debug|x64.Build.0 = Debug|x64
		{AAA264CF-27AB-4D60-A450-1B4B440365A5}.Debug|x86.ActiveCfg = Debug|Win32
		{AAA264CF-27AB-4D60-A450-1B4B440365A5}.Debug|x86.Build.0 = Debug|Win32
		{AAA264CF-27AB-4D60-A450-1B4B440365A5}.Release|x64.ActiveCfg = Release|x64
		{AAA264CF-27AB-4D60-A450-1B4B440365A5}.Release|x64.Build.0 = Release|x64
		{AAA264CF-27AB-4D60-A450-1B4B440365A5}.Release|x86.ActiveCfg = Release|Win32
		{AAA264CF-27AB-4D60-A450-1B4B440365A5}.Release|x86.Build.0 = Release|Win32
	EndGlobalSection
	GlobalSection(SolutionProperties) = preSolution
		HideSolutionNode = FALSE
	EndGlobalSection
	GlobalSection(ExtensibilityGlobals) = postSolution
		SolutionGuid = {01D74D9C-80AE-4943-BC8A-6EAFACF36433}
	EndGlobalSection
EndGlobal
